# This file is autogenerated, do not edit; changes may be undone by the next 'dep ensure'.


[[projects]]
  branch = "master"
  digest = "1:f1f5368e01f47c5707b1732b91352e1134205e1a521f19ec699e9fd0fbacd993"
  name = "github.com/paulrosania/go-charset"
  packages = [
    "charset",
    "data",
  ]
  pruneopts = "UT"
  revision = "621bb39fcc835dce592e682f5073025d0169587b"

[[projects]]
  branch = "master"
  digest = "1:ac9ebdd067e82d0d3e62db1e1d1c2cc8254138de2764815c37730d82918c4204"
  name = "github.com/ungerik/go-rss"
  packages = ["."]
  pruneopts = "UT"
  revision = "e6dab863fc9307aafd7dcf279c69356f3c603cf8"

[solve-meta]
  analyzer-name = "dep"
  analyzer-version = 1
  input-imports = ["github.com/ungerik/go-rss"]
  solver-name = "gps-cdcl"
  solver-version = 1
